
Microsoft Visual Studio Solution File, Format Version 12.00
# Visual Studio Version 17
VisualStudioVersion = 17.5.33530.505
MinimumVisualStudioVersion = 10.0.40219.1
Project("{FAE04EC0-301F-11D3-BF4B-00C04F79EFBC}") = "JsonProject", "JsonProject.csproj", "{A91ED270-B0B1-4752-9F90-29D2C41E030B}"
EndProject
Global
	GlobalSection(SolutionConfigurationPlatforms) = preSolution
		Debug|Any CPU = Debug|Any CPU
		Release|Any CPU = Release|Any CPU
	EndGlobalSection
	GlobalSection(ProjectConfigurationPlatforms) = postSolution
		{A91ED270-B0B1-4752-9F90-29D2C41E030B}.Debug|Any CPU.ActiveCfg = Debug|Any CPU
		{A91ED270-B0B1-4752-9F90-29D2C41E030B}.Debug|Any CPU.Build.0 = Debug|Any CPU
		{A91ED270-B0B1-4752-9F90-29D2C41E030B}.Release|Any CPU.ActiveCfg = Release|Any CPU
		{A91ED270-B0B1-4752-9F90-29D2C41E030B}.Release|Any CPU.Build.0 = Release|Any CPU
	EndGlobalSection
	GlobalSection(SolutionProperties) = preSolution
		HideSolutionNode = FALSE
	EndGlobalSection
	GlobalSection(ExtensibilityGlobals) = postSolution
		SolutionGuid = {B201C19E-B971-4955-A798-55AD81E193ED}
	EndGlobalSection
EndGlobal
